
Microsoft Visual Studio Solution File, Format Version 12.00
# Visual Studio Version 17
VisualStudioVersion = 17.0.31919.166
MinimumVisualStudioVersion = 10.0.40219.1
Project("{FAE04EC0-301F-11D3-BF4B-00C04F79EFBC}") = "BlazorApp1.Server", "BlazorApp1\Server\BlazorApp1.Server.csproj", "{86C692FD-07A2-47EB-BB07-9BBCD7D38BB5}"
EndProject
Project("{FAE04EC0-301F-11D3-BF4B-00C04F79EFBC}") = "BlazorApp1.Client", "BlazorApp1\Client\BlazorApp1.Client.csproj", "{0D0BE771-44AC-497B-BEF4-60CD9791426C}"
EndProject
Project("{FAE04EC0-301F-11D3-BF4B-00C04F79EFBC}") = "BlazorApp1.Shared", "BlazorApp1\Shared\BlazorApp1.Shared.csproj", "{19D16726-5BC1-492F-A1B5-6374E9E3A864}"
EndProject
Global
	GlobalSection(SolutionConfigurationPlatforms) = preSolution
		Debug|Any CPU = Debug|Any CPU
		Release|Any CPU = Release|Any CPU
	EndGlobalSection
	GlobalSection(ProjectConfigurationPlatforms) = postSolution
		{86C692FD-07A2-47EB-BB07-9BBCD7D38BB5}.Debug|Any CPU.ActiveCfg = Debug|Any CPU
		{86C692FD-07A2-47EB-BB07-9BBCD7D38BB5}.Debug|Any CPU.Build.0 = Debug|Any CPU
		{86C692FD-07A2-47EB-BB07-9BBCD7D38BB5}.Release|Any CPU.ActiveCfg = Release|Any CPU
		{86C692FD-07A2-47EB-BB07-9BBCD7D38BB5}.Release|Any CPU.Build.0 = Release|Any CPU
		{0D0BE771-44AC-497B-BEF4-60CD9791426C}.Debug|Any CPU.ActiveCfg = Debug|Any CPU
		{0D0BE771-44AC-497B-BEF4-60CD9791426C}.Debug|Any CPU.Build.0 = Debug|Any CPU
		{0D0BE771-44AC-497B-BEF4-60CD9791426C}.Release|Any CPU.ActiveCfg = Release|Any CPU
		{0D0BE771-44AC-497B-BEF4-60CD9791426C}.Release|Any CPU.Build.0 = Release|Any CPU
		{19D16726-5BC1-492F-A1B5-6374E9E3A864}.Debug|Any CPU.ActiveCfg = Debug|Any CPU
		{19D16726-5BC1-492F-A1B5-6374E9E3A864}.Debug|Any CPU.Build.0 = Debug|Any CPU
		{19D16726-5BC1-492F-A1B5-6374E9E3A864}.Release|Any CPU.ActiveCfg = Release|Any CPU
		{19D16726-5BC1-492F-A1B5-6374E9E3A864}.Release|Any CPU.Build.0 = Release|Any CPU
	EndGlobalSection
	GlobalSection(SolutionProperties) = preSolution
		HideSolutionNode = FALSE
	EndGlobalSection
	GlobalSection(ExtensibilityGlobals) = postSolution
		SolutionGuid = {5A30392C-616B-4BA9-8551-F252C524E783}
	EndGlobalSection
EndGlobal
